# This file is automatically @generated by Poetry 2.3.2 and should not be changed by hand.

[[package]]
name = "pyslang"
version = "10.0.0"
description = "Python bindings for slang, a library for compiling SystemVerilog"
optional = false
python-versions = "*"
groups = ["main"]
files = [
    {file = "pyslang-10.0.0-cp310-cp310-macosx_11_0_arm64.whl", hash = "sha256:94d1610c7f138b0fea75c910974816a5764324befd683568edc8f4e3bbabf27c"},
    {file = "pyslang-10.0.0-cp310-cp310-macosx_11_0_universal2.whl", hash = "sha256:d54744c4dbc3c0242624f8af696e97eea31af8f79851ffcade9d9fef363a9a26"},
    {file = "pyslang-10.0.0-cp310-cp310-manylinux_2_27_aarch64.manylinux_2_28_aarch64.whl", hash = "sha256:9b2682f688ce269664029c75726b507f7c11237f92e9c37a550cced0d7915463"},
    {file = "pyslang-10.0.0-cp310-cp310-manylinux_2_27_x86_64.manylinux_2_28_x86_64.whl", hash = "sha256:80054990c92940b6b81e50d377d4947d5bd9631e48bb3984e7e60ae94eb25e10"},
    {file = "pyslang-10.0.0-cp310-cp310-win_amd64.whl", hash = "sha256:88365bf0ad1cc25d001f1084157a236b56448c31a2f8b655e3a997e41a13f97e"},
    {file = "pyslang-10.0.0-cp311-cp311-macosx_11_0_arm64.whl", hash = "sha256:9980a3f4f2d8a18fa46ebad96c98877a846986a74e210ed12fe2f392e0cae7da"},
    {file = "pyslang-10.0.0-cp311-cp311-macosx_11_0_universal2.whl", hash = "sha256:cf5c877a28440ad5d6e89b43e2305c007b73ff3cef14110df3861f1dea55915c"},
    {file = "pyslang-10.0.0-cp311-cp311-manylinux_2_27_aarch64.manylinux_2_28_aarch64.whl", hash = "sha256:c6b06cadf7ab5f2b7efb472cfd3c7100c957cfbb72b7adee8230ea398fedd193"},
    {file = "pyslang-10.0.0-cp311-cp311-manylinux_2_27_x86_64.manylinux_2_28_x86_64.whl", hash = "sha256:6673b1a3c1a9ae7551ee02581eebdc94cea81bc578f6a6f50abefaf23e4860f0"},
    {file = "pyslang-10.0.0-cp311-cp311-win_amd64.whl", hash = "sha256:a7f6b52d777bcd716f800baa38d69b95e26feb4d4e6947e0b57e39a210854f0c"},
    {file = "pyslang-10.0.0-cp312-cp312-macosx_11_0_arm64.whl", hash = "sha256:907c4df43ccaab0848bf291f55cd187d908918932be74949c66bf8a5b54d1892"},
    {file = "pyslang-10.0.0-cp312-cp312-macosx_11_0_universal2.whl", hash = "sha256:d7ed1a4f9f58e3d5116b264c77e471368cc7644a111fddcd30e0c72f4db51970"},
    {file = "pyslang-10.0.0-cp312-cp312-manylinux_2_27_aarch64.manylinux_2_28_aarch64.whl", hash = "sha256:6b8ad2d8298a39f71afa32ffa0af9ba4f7d7844bead71ec7eea282d48e694f0b"},
    {file = "pyslang-10.0.0-cp312-cp312-manylinux_2_27_x86_64.manylinux_2_28_x86_64.whl", hash = "sha256:4a510936695384b06ac8cb7a24536ac7f8c72309dc4c645ff55cf1e69b97e071"},
    {file = "pyslang-10.0.0-cp312-cp312-win_amd64.whl", hash = "sha256:e569638b5ecb7262d578aeb6700937e0e7172938ef235be00b308687c2e3696e"},
    {file = "pyslang-10.0.0-cp313-cp313-macosx_11_0_arm64.whl", hash = "sha256:f05b4f42e18a48d31ee9ca8260ca762a9734648efaa9ad1ac11b07bae242e913"},
    {file = "pyslang-10.0.0-cp313-cp313-macosx_11_0_universal2.whl", hash = "sha256:741757701a41becf37ebeb9b101d1d6a02915908e647826cdcaa0f82d6b52642"},
    {file = "pyslang-10.0.0-cp313-cp313-manylinux_2_27_aarch64.manylinux_2_28_aarch64.whl", hash = "sha256:6fc7181e8bd4fe7739e7782a0463766192219b2bee9fbd14822cc1c745ccbae1"},
    {file = "pyslang-10.0.0-cp313-cp313-manylinux_2_27_x86_64.manylinux_2_28_x86_64.whl", hash = "sha256:2780204dd9ed9b99cd07bc4461cf772ace5998edfeea8c211d7e29199cc96f95"},
    {file = "pyslang-10.0.0-cp313-cp313-win_amd64.whl", hash = "sha256:fb4c87a7ec6fbf0d76e76861fb7ae4f6a3b3a05bcaaebd21d09ea2e76907e11d"},
    {file = "pyslang-10.0.0-cp39-cp39-macosx_11_0_arm64.whl", hash = "sha256:cccf33c21ae6e77088e8f78771e8a76e7450874ffd655b7a85c7e1f641b0bf19"},
    {file = "pyslang-10.0.0-cp39-cp39-macosx_11_0_universal2.whl", hash = "sha256:c0da9d4ff39c225ee25f384ddcfa500b10b45dfc3d43ec6debbe81bafa7920f7"},
    {file = "pyslang-10.0.0-cp39-cp39-manylinux_2_27_aarch64.manylinux_2_28_aarch64.whl", hash = "sha256:ae34c92dd5b269880d35fe9606402f69bd907cbc224f4634694341f45df2731c"},
    {file = "pyslang-10.0.0-cp39-cp39-manylinux_2_27_x86_64.manylinux_2_28_x86_64.whl", hash = "sha256:cef029c2dab7ff8c611459a148d8f559e7c762fd7b3f92acbd22853a5e9a26cc"},
    {file = "pyslang-10.0.0-cp39-cp39-win_amd64.whl", hash = "sha256:a6b6c6f0ee00706e2bd633fbb172e9482593f3d6e8c938ad322eee368defe96a"},
    {file = "pyslang-10.0.0.tar.gz", hash = "sha256:59ca9c53f0fa1c44bea6cd424014bf1e5e28beda0df0372951a70e44b6d84045"},
]

[package.extras]
test = ["pytest"]

[metadata]
lock-version = "2.1"
python-versions = ">=3.14"
content-hash = "9e77f3facc9e99668dbf2860c338b7a60d15d7794de9122e1cccce6fe064bc42"
